
Microsoft Visual Studio Solution File, Format Version 12.00
# Visual Studio Version 17
VisualStudioVersion = 17.0.31611.283
MinimumVisualStudioVersion = 10.0.40219.1
Project("{9A19103F-16F7-4668-BE54-9A1E7A4F7556}") = "ValidationRulesTest", "ValidationRulesTest\ValidationRulesTest.csproj", "{3D37E29F-042E-4E34-B363-DBBE702383DE}"
EndProject
Project("{9A19103F-16F7-4668-BE54-9A1E7A4F7556}") = "Plugin.ValidationRules", "..\..\..\src\ValidationRules\Plugin.ValidationRules.csproj", "{74CB3C79-59A7-4AAA-A94F-EDA9D278847E}"
EndProject
Project("{9A19103F-16F7-4668-BE54-9A1E7A4F7556}") = "Plugin.Reactive.ValidationRules", "..\..\..\src\Plugin.Reactive.ValidationRules\Plugin.Reactive.ValidationRules.csproj", "{44FC6F88-FC72-4DC9-B6EB-E76B896A3861}"
EndProject
Global
	GlobalSection(SolutionConfigurationPlatforms) = preSolution
		Debug|Any CPU = Debug|Any CPU
		Release|Any CPU = Release|Any CPU
	EndGlobalSection
	GlobalSection(ProjectConfigurationPlatforms) = postSolution
		{3D37E29F-042E-4E34-B363-DBBE702383DE}.Debug|Any CPU.ActiveCfg = Debug|Any CPU
		{3D37E29F-042E-4E34-B363-DBBE702383DE}.Debug|Any CPU.Build.0 = Debug|Any CPU
		{3D37E29F-042E-4E34-B363-DBBE702383DE}.Debug|Any CPU.Deploy.0 = Debug|Any CPU
		{3D37E29F-042E-4E34-B363-DBBE702383DE}.Release|Any CPU.ActiveCfg = Release|Any CPU
		{3D37E29F-042E-4E34-B363-DBBE702383DE}.Release|Any CPU.Build.0 = Release|Any CPU
		{3D37E29F-042E-4E34-B363-DBBE702383DE}.Release|Any CPU.Deploy.0 = Release|Any CPU
		{74CB3C79-59A7-4AAA-A94F-EDA9D278847E}.Debug|Any CPU.ActiveCfg = Debug|Any CPU
		{74CB3C79-59A7-4AAA-A94F-EDA9D278847E}.Debug|Any CPU.Build.0 = Debug|Any CPU
		{74CB3C79-59A7-4AAA-A94F-EDA9D278847E}.Release|Any CPU.ActiveCfg = Release|Any CPU
		{74CB3C79-59A7-4AAA-A94F-EDA9D278847E}.Release|Any CPU.Build.0 = Release|Any CPU
		{44FC6F88-FC72-4DC9-B6EB-E76B896A3861}.Debug|Any CPU.ActiveCfg = Debug|Any CPU
		{44FC6F88-FC72-4DC9-B6EB-E76B896A3861}.Debug|Any CPU.Build.0 = Debug|Any CPU
		{44FC6F88-FC72-4DC9-B6EB-E76B896A3861}.Release|Any CPU.ActiveCfg = Release|Any CPU
		{44FC6F88-FC72-4DC9-B6EB-E76B896A3861}.Release|Any CPU.Build.0 = Release|Any CPU
	EndGlobalSection
	GlobalSection(SolutionProperties) = preSolution
		HideSolutionNode = FALSE
	EndGlobalSection
	GlobalSection(ExtensibilityGlobals) = postSolution
		SolutionGuid = {61F7FB11-1E47-470C-91E2-47F8143E1572}
	EndGlobalSection
EndGlobal
