
Microsoft Visual Studio Solution File, Format Version 12.00
# Visual Studio 15
VisualStudioVersion = 15.0.27924.0
MinimumVisualStudioVersion = 10.0.40219.1
Project("{FAE04EC0-301F-11D3-BF4B-00C04F79EFBC}") = "ValidationRulesTest.Android", "ValidationRulesTest\ValidationRulesTest.Android\ValidationRulesTest.Android.csproj", "{4A8E242F-F473-47C7-93B7-6C6E831CC2BC}"
EndProject
Project("{FAE04EC0-301F-11D3-BF4B-00C04F79EFBC}") = "ValidationRulesTest.iOS", "ValidationRulesTest\ValidationRulesTest.iOS\ValidationRulesTest.iOS.csproj", "{08831C9A-C9E8-44B7-A16B-CF2E591CFA3B}"
EndProject
Project("{9A19103F-16F7-4668-BE54-9A1E7A4F7556}") = "ValidationRulesTest", "ValidationRulesTest\ValidationRulesTest\ValidationRulesTest.csproj", "{3D4A0C89-164B-49D4-BA26-C0BF4B94F74B}"
EndProject
Project("{9A19103F-16F7-4668-BE54-9A1E7A4F7556}") = "Plugin.ValidationRules", "..\src\ValidationRules\Plugin.ValidationRules.csproj", "{1DA953F3-E1A6-425A-B823-629006A45561}"
EndProject
Global
	GlobalSection(SolutionConfigurationPlatforms) = preSolution
		Ad-Hoc|Any CPU = Ad-Hoc|Any CPU
		Ad-Hoc|iPhone = Ad-Hoc|iPhone
		Ad-Hoc|iPhoneSimulator = Ad-Hoc|iPhoneSimulator
		AppStore|Any CPU = AppStore|Any CPU
		AppStore|iPhone = AppStore|iPhone
		AppStore|iPhoneSimulator = AppStore|iPhoneSimulator
		Debug|Any CPU = Debug|Any CPU
		Debug|iPhone = Debug|iPhone
		Debug|iPhoneSimulator = Debug|iPhoneSimulator
		Release|Any CPU = Release|Any CPU
		Release|iPhone = Release|iPhone
		Release|iPhoneSimulator = Release|iPhoneSimulator
	EndGlobalSection
	GlobalSection(ProjectConfigurationPlatforms) = postSolution
		{4A8E242F-F473-47C7-93B7-6C6E831CC2BC}.Ad-Hoc|Any CPU.ActiveCfg = Release|Any CPU
		{4A8E242F-F473-47C7-93B7-6C6E831CC2BC}.Ad-Hoc|Any CPU.Build.0 = Release|Any CPU
		{4A8E242F-F473-47C7-93B7-6C6E831CC2BC}.Ad-Hoc|Any CPU.Deploy.0 = Release|Any CPU
		{4A8E242F-F473-47C7-93B7-6C6E831CC2BC}.Ad-Hoc|iPhone.ActiveCfg = Release|Any CPU
		{4A8E242F-F473-47C7-93B7-6C6E831CC2BC}.Ad-Hoc|iPhone.Build.0 = Release|Any CPU
		{4A8E242F-F473-47C7-93B7-6C6E831CC2BC}.Ad-Hoc|iPhone.Deploy.0 = Release|Any CPU
		{4A8E242F-F473-47C7-93B7-6C6E831CC2BC}.Ad-Hoc|iPhoneSimulator.ActiveCfg = Release|Any CPU
		{4A8E242F-F473-47C7-93B7-6C6E831CC2BC}.Ad-Hoc|iPhoneSimulator.Build.0 = Release|Any CPU
		{4A8E242F-F473-47C7-93B7-6C6E831CC2BC}.Ad-Hoc|iPhoneSimulator.Deploy.0 = Release|Any CPU
		{4A8E242F-F473-47C7-93B7-6C6E831CC2BC}.AppStore|Any CPU.ActiveCfg = Release|Any CPU
		{4A8E242F-F473-47C7-93B7-6C6E831CC2BC}.AppStore|Any CPU.Build.0 = Release|Any CPU
		{4A8E242F-F473-47C7-93B7-6C6E831CC2BC}.AppStore|Any CPU.Deploy.0 = Release|Any CPU
		{4A8E242F-F473-47C7-93B7-6C6E831CC2BC}.AppStore|iPhone.ActiveCfg = Release|Any CPU
		{4A8E242F-F473-47C7-93B7-6C6E831CC2BC}.AppStore|iPhone.Build.0 = Release|Any CPU
		{4A8E242F-F473-47C7-93B7-6C6E831CC2BC}.AppStore|iPhone.Deploy.0 = Release|Any CPU
		{4A8E242F-F473-47C7-93B7-6C6E831CC2BC}.AppStore|iPhoneSimulator.ActiveCfg = Release|Any CPU
		{4A8E242F-F473-47C7-93B7-6C6E831CC2BC}.AppStore|iPhoneSimulator.Build.0 = Release|Any CPU
		{4A8E242F-F473-47C7-93B7-6C6E831CC2BC}.AppStore|iPhoneSimulator.Deploy.0 = Release|Any CPU
		{4A8E242F-F473-47C7-93B7-6C6E831CC2BC}.Debug|Any CPU.ActiveCfg = Debug|Any CPU
		{4A8E242F-F473-47C7-93B7-6C6E831CC2BC}.Debug|Any CPU.Build.0 = Debug|Any CPU
		{4A8E242F-F473-47C7-93B7-6C6E831CC2BC}.Debug|Any CPU.Deploy.0 = Debug|Any CPU
		{4A8E242F-F473-47C7-93B7-6C6E831CC2BC}.Debug|iPhone.ActiveCfg = Debug|Any CPU
		{4A8E242F-F473-47C7-93B7-6C6E831CC2BC}.Debug|iPhone.Build.0 = Debug|Any CPU
		{4A8E242F-F473-47C7-93B7-6C6E831CC2BC}.Debug|iPhone.Deploy.0 = Debug|Any CPU
		{4A8E242F-F473-47C7-93B7-6C6E831CC2BC}.Debug|iPhoneSimulator.ActiveCfg = Debug|Any CPU
		{4A8E242F-F473-47C7-93B7-6C6E831CC2BC}.Debug|iPhoneSimulator.Build.0 = Debug|Any CPU
		{4A8E242F-F473-47C7-93B7-6C6E831CC2BC}.Debug|iPhoneSimulator.Deploy.0 = Debug|Any CPU
		{4A8E242F-F473-47C7-93B7-6C6E831CC2BC}.Release|Any CPU.ActiveCfg = Release|Any CPU
		{4A8E242F-F473-47C7-93B7-6C6E831CC2BC}.Release|Any CPU.Build.0 = Release|Any CPU
		{4A8E242F-F473-47C7-93B7-6C6E831CC2BC}.Release|Any CPU.Deploy.0 = Release|Any CPU
		{4A8E242F-F473-47C7-93B7-6C6E831CC2BC}.Release|iPhone.ActiveCfg = Release|Any CPU
		{4A8E242F-F473-47C7-93B7-6C6E831CC2BC}.Release|iPhone.Build.0 = Release|Any CPU
		{4A8E242F-F473-47C7-93B7-6C6E831CC2BC}.Release|iPhone.Deploy.0 = Release|Any CPU
		{4A8E242F-F473-47C7-93B7-6C6E831CC2BC}.Release|iPhoneSimulator.ActiveCfg = Release|Any CPU
		{4A8E242F-F473-47C7-93B7-6C6E831CC2BC}.Release|iPhoneSimulator.Build.0 = Release|Any CPU
		{4A8E242F-F473-47C7-93B7-6C6E831CC2BC}.Release|iPhoneSimulator.Deploy.0 = Release|Any CPU
		{08831C9A-C9E8-44B7-A16B-CF2E591CFA3B}.Ad-Hoc|Any CPU.ActiveCfg = Ad-Hoc|iPhone
		{08831C9A-C9E8-44B7-A16B-CF2E591CFA3B}.Ad-Hoc|Any CPU.Build.0 = Ad-Hoc|iPhone
		{08831C9A-C9E8-44B7-A16B-CF2E591CFA3B}.Ad-Hoc|Any CPU.Deploy.0 = Ad-Hoc|iPhone
		{08831C9A-C9E8-44B7-A16B-CF2E591CFA3B}.Ad-Hoc|iPhone.ActiveCfg = Ad-Hoc|iPhone
		{08831C9A-C9E8-44B7-A16B-CF2E591CFA3B}.Ad-Hoc|iPhone.Build.0 = Ad-Hoc|iPhone
		{08831C9A-C9E8-44B7-A16B-CF2E591CFA3B}.Ad-Hoc|iPhone.Deploy.0 = Ad-Hoc|iPhone
		{08831C9A-C9E8-44B7-A16B-CF2E591CFA3B}.Ad-Hoc|iPhoneSimulator.ActiveCfg = Ad-Hoc|iPhoneSimulator
		{08831C9A-C9E8-44B7-A16B-CF2E591CFA3B}.Ad-Hoc|iPhoneSimulator.Build.0 = Ad-Hoc|iPhoneSimulator
		{08831C9A-C9E8-44B7-A16B-CF2E591CFA3B}.Ad-Hoc|iPhoneSimulator.Deploy.0 = Ad-Hoc|iPhoneSimulator
		{08831C9A-C9E8-44B7-A16B-CF2E591CFA3B}.AppStore|Any CPU.ActiveCfg = AppStore|iPhone
		{08831C9A-C9E8-44B7-A16B-CF2E591CFA3B}.AppStore|Any CPU.Build.0 = AppStore|iPhone
		{08831C9A-C9E8-44B7-A16B-CF2E591CFA3B}.AppStore|Any CPU.Deploy.0 = AppStore|iPhone
		{08831C9A-C9E8-44B7-A16B-CF2E591CFA3B}.AppStore|iPhone.ActiveCfg = AppStore|iPhone
		{08831C9A-C9E8-44B7-A16B-CF2E591CFA3B}.AppStore|iPhone.Build.0 = AppStore|iPhone
		{08831C9A-C9E8-44B7-A16B-CF2E591CFA3B}.AppStore|iPhone.Deploy.0 = AppStore|iPhone
		{08831C9A-C9E8-44B7-A16B-CF2E591CFA3B}.AppStore|iPhoneSimulator.ActiveCfg = AppStore|iPhoneSimulator
		{08831C9A-C9E8-44B7-A16B-CF2E591CFA3B}.AppStore|iPhoneSimulator.Build.0 = AppStore|iPhoneSimulator
		{08831C9A-C9E8-44B7-A16B-CF2E591CFA3B}.AppStore|iPhoneSimulator.Deploy.0 = AppStore|iPhoneSimulator
		{08831C9A-C9E8-44B7-A16B-CF2E591CFA3B}.Debug|Any CPU.ActiveCfg = Debug|iPhoneSimulator
		{08831C9A-C9E8-44B7-A16B-CF2E591CFA3B}.Debug|Any CPU.Build.0 = Debug|iPhoneSimulator
		{08831C9A-C9E8-44B7-A16B-CF2E591CFA3B}.Debug|Any CPU.Deploy.0 = Debug|iPhoneSimulator
		{08831C9A-C9E8-44B7-A16B-CF2E591CFA3B}.Debug|iPhone.ActiveCfg = Debug|iPhone
		{08831C9A-C9E8-44B7-A16B-CF2E591CFA3B}.Debug|iPhone.Build.0 = Debug|iPhone
		{08831C9A-C9E8-44B7-A16B-CF2E591CFA3B}.Debug|iPhone.Deploy.0 = Debug|iPhone
		{08831C9A-C9E8-44B7-A16B-CF2E591CFA3B}.Debug|iPhoneSimulator.ActiveCfg = Debug|iPhoneSimulator
		{08831C9A-C9E8-44B7-A16B-CF2E591CFA3B}.Debug|iPhoneSimulator.Build.0 = Debug|iPhoneSimulator
		{08831C9A-C9E8-44B7-A16B-CF2E591CFA3B}.Debug|iPhoneSimulator.Deploy.0 = Debug|iPhoneSimulator
		{08831C9A-C9E8-44B7-A16B-CF2E591CFA3B}.Release|Any CPU.ActiveCfg = Release|iPhone
		{08831C9A-C9E8-44B7-A16B-CF2E591CFA3B}.Release|Any CPU.Build.0 = Release|iPhone
		{08831C9A-C9E8-44B7-A16B-CF2E591CFA3B}.Release|Any CPU.Deploy.0 = Release|iPhone
		{08831C9A-C9E8-44B7-A16B-CF2E591CFA3B}.Release|iPhone.ActiveCfg = Release|iPhone
		{08831C9A-C9E8-44B7-A16B-CF2E591CFA3B}.Release|iPhone.Build.0 = Release|iPhone
		{08831C9A-C9E8-44B7-A16B-CF2E591CFA3B}.Release|iPhone.Deploy.0 = Release|iPhone
		{08831C9A-C9E8-44B7-A16B-CF2E591CFA3B}.Release|iPhoneSimulator.ActiveCfg = Release|iPhoneSimulator
		{08831C9A-C9E8-44B7-A16B-CF2E591CFA3B}.Release|iPhoneSimulator.Build.0 = Release|iPhoneSimulator
		{08831C9A-C9E8-44B7-A16B-CF2E591CFA3B}.Release|iPhoneSimulator.Deploy.0 = Release|iPhoneSimulator
		{3D4A0C89-164B-49D4-BA26-C0BF4B94F74B}.Ad-Hoc|Any CPU.ActiveCfg = Debug|Any CPU
		{3D4A0C89-164B-49D4-BA26-C0BF4B94F74B}.Ad-Hoc|Any CPU.Build.0 = Debug|Any CPU
		{3D4A0C89-164B-49D4-BA26-C0BF4B94F74B}.Ad-Hoc|Any CPU.Deploy.0 = Debug|Any CPU
		{3D4A0C89-164B-49D4-BA26-C0BF4B94F74B}.Ad-Hoc|iPhone.ActiveCfg = Debug|Any CPU
		{3D4A0C89-164B-49D4-BA26-C0BF4B94F74B}.Ad-Hoc|iPhone.Build.0 = Debug|Any CPU
		{3D4A0C89-164B-49D4-BA26-C0BF4B94F74B}.Ad-Hoc|iPhone.Deploy.0 = Debug|Any CPU
		{3D4A0C89-164B-49D4-BA26-C0BF4B94F74B}.Ad-Hoc|iPhoneSimulator.ActiveCfg = Debug|Any CPU
		{3D4A0C89-164B-49D4-BA26-C0BF4B94F74B}.Ad-Hoc|iPhoneSimulator.Build.0 = Debug|Any CPU
		{3D4A0C89-164B-49D4-BA26-C0BF4B94F74B}.Ad-Hoc|iPhoneSimulator.Deploy.0 = Debug|Any CPU
		{3D4A0C89-164B-49D4-BA26-C0BF4B94F74B}.AppStore|Any CPU.ActiveCfg = Debug|Any CPU
		{3D4A0C89-164B-49D4-BA26-C0BF4B94F74B}.AppStore|Any CPU.Build.0 = Debug|Any CPU
		{3D4A0C89-164B-49D4-BA26-C0BF4B94F74B}.AppStore|Any CPU.Deploy.0 = Debug|Any CPU
		{3D4A0C89-164B-49D4-BA26-C0BF4B94F74B}.AppStore|iPhone.ActiveCfg = Debug|Any CPU
		{3D4A0C89-164B-49D4-BA26-C0BF4B94F74B}.AppStore|iPhone.Build.0 = Debug|Any CPU
		{3D4A0C89-164B-49D4-BA26-C0BF4B94F74B}.AppStore|iPhone.Deploy.0 = Debug|Any CPU
		{3D4A0C89-164B-49D4-BA26-C0BF4B94F74B}.AppStore|iPhoneSimulator.ActiveCfg = Debug|Any CPU
		{3D4A0C89-164B-49D4-BA26-C0BF4B94F74B}.AppStore|iPhoneSimulator.Build.0 = Debug|Any CPU
		{3D4A0C89-164B-49D4-BA26-C0BF4B94F74B}.AppStore|iPhoneSimulator.Deploy.0 = Debug|Any CPU
		{3D4A0C89-164B-49D4-BA26-C0BF4B94F74B}.Debug|Any CPU.ActiveCfg = Debug|Any CPU
		{3D4A0C89-164B-49D4-BA26-C0BF4B94F74B}.Debug|Any CPU.Build.0 = Debug|Any CPU
		{3D4A0C89-164B-49D4-BA26-C0BF4B94F74B}.Debug|Any CPU.Deploy.0 = Debug|Any CPU
		{3D4A0C89-164B-49D4-BA26-C0BF4B94F74B}.Debug|iPhone.ActiveCfg = Debug|Any CPU
		{3D4A0C89-164B-49D4-BA26-C0BF4B94F74B}.Debug|iPhone.Build.0 = Debug|Any CPU
		{3D4A0C89-164B-49D4-BA26-C0BF4B94F74B}.Debug|iPhone.Deploy.0 = Debug|Any CPU
		{3D4A0C89-164B-49D4-BA26-C0BF4B94F74B}.Debug|iPhoneSimulator.ActiveCfg = Debug|Any CPU
		{3D4A0C89-164B-49D4-BA26-C0BF4B94F74B}.Debug|iPhoneSimulator.Build.0 = Debug|Any CPU
		{3D4A0C89-164B-49D4-BA26-C0BF4B94F74B}.Debug|iPhoneSimulator.Deploy.0 = Debug|Any CPU
		{3D4A0C89-164B-49D4-BA26-C0BF4B94F74B}.Release|Any CPU.ActiveCfg = Release|Any CPU
		{3D4A0C89-164B-49D4-BA26-C0BF4B94F74B}.Release|Any CPU.Build.0 = Release|Any CPU
		{3D4A0C89-164B-49D4-BA26-C0BF4B94F74B}.Release|Any CPU.Deploy.0 = Release|Any CPU
		{3D4A0C89-164B-49D4-BA26-C0BF4B94F74B}.Release|iPhone.ActiveCfg = Release|Any CPU
		{3D4A0C89-164B-49D4-BA26-C0BF4B94F74B}.Release|iPhone.Build.0 = Release|Any CPU
		{3D4A0C89-164B-49D4-BA26-C0BF4B94F74B}.Release|iPhone.Deploy.0 = Release|Any CPU
		{3D4A0C89-164B-49D4-BA26-C0BF4B94F74B}.Release|iPhoneSimulator.ActiveCfg = Release|Any CPU
		{3D4A0C89-164B-49D4-BA26-C0BF4B94F74B}.Release|iPhoneSimulator.Build.0 = Release|Any CPU
		{3D4A0C89-164B-49D4-BA26-C0BF4B94F74B}.Release|iPhoneSimulator.Deploy.0 = Release|Any CPU
		{1DA953F3-E1A6-425A-B823-629006A45561}.Ad-Hoc|Any CPU.ActiveCfg = Debug|Any CPU
		{1DA953F3-E1A6-425A-B823-629006A45561}.Ad-Hoc|Any CPU.Build.0 = Debug|Any CPU
		{1DA953F3-E1A6-425A-B823-629006A45561}.Ad-Hoc|iPhone.ActiveCfg = Debug|Any CPU
		{1DA953F3-E1A6-425A-B823-629006A45561}.Ad-Hoc|iPhone.Build.0 = Debug|Any CPU
		{1DA953F3-E1A6-425A-B823-629006A45561}.Ad-Hoc|iPhoneSimulator.ActiveCfg = Debug|Any CPU
		{1DA953F3-E1A6-425A-B823-629006A45561}.Ad-Hoc|iPhoneSimulator.Build.0 = Debug|Any CPU
		{1DA953F3-E1A6-425A-B823-629006A45561}.AppStore|Any CPU.ActiveCfg = Debug|Any CPU
		{1DA953F3-E1A6-425A-B823-629006A45561}.AppStore|Any CPU.Build.0 = Debug|Any CPU
		{1DA953F3-E1A6-425A-B823-629006A45561}.AppStore|iPhone.ActiveCfg = Debug|Any CPU
		{1DA953F3-E1A6-425A-B823-629006A45561}.AppStore|iPhone.Build.0 = Debug|Any CPU
		{1DA953F3-E1A6-425A-B823-629006A45561}.AppStore|iPhoneSimulator.ActiveCfg = Debug|Any CPU
		{1DA953F3-E1A6-425A-B823-629006A45561}.AppStore|iPhoneSimulator.Build.0 = Debug|Any CPU
		{1DA953F3-E1A6-425A-B823-629006A45561}.Debug|Any CPU.ActiveCfg = Debug|Any CPU
		{1DA953F3-E1A6-425A-B823-629006A45561}.Debug|Any CPU.Build.0 = Debug|Any CPU
		{1DA953F3-E1A6-425A-B823-629006A45561}.Debug|iPhone.ActiveCfg = Debug|Any CPU
		{1DA953F3-E1A6-425A-B823-629006A45561}.Debug|iPhone.Build.0 = Debug|Any CPU
		{1DA953F3-E1A6-425A-B823-629006A45561}.Debug|iPhoneSimulator.ActiveCfg = Debug|Any CPU
		{1DA953F3-E1A6-425A-B823-629006A45561}.Debug|iPhoneSimulator.Build.0 = Debug|Any CPU
		{1DA953F3-E1A6-425A-B823-629006A45561}.Release|Any CPU.ActiveCfg = Release|Any CPU
		{1DA953F3-E1A6-425A-B823-629006A45561}.Release|Any CPU.Build.0 = Release|Any CPU
		{1DA953F3-E1A6-425A-B823-629006A45561}.Release|iPhone.ActiveCfg = Release|Any CPU
		{1DA953F3-E1A6-425A-B823-629006A45561}.Release|iPhone.Build.0 = Release|Any CPU
		{1DA953F3-E1A6-425A-B823-629006A45561}.Release|iPhoneSimulator.ActiveCfg = Release|Any CPU
		{1DA953F3-E1A6-425A-B823-629006A45561}.Release|iPhoneSimulator.Build.0 = Release|Any CPU
	EndGlobalSection
	GlobalSection(SolutionProperties) = preSolution
		HideSolutionNode = FALSE
	EndGlobalSection
	GlobalSection(ExtensibilityGlobals) = postSolution
		SolutionGuid = {75D4E21C-9D1D-496B-8577-BD2FF8B2F772}
	EndGlobalSection
EndGlobal
