
Microsoft Visual Studio Solution File, Format Version 12.00
# Visual Studio Version 16
VisualStudioVersion = 16.0.32228.343
MinimumVisualStudioVersion = 10.0.40219.1
Project("{9A19103F-16F7-4668-BE54-9A1E7A4F7556}") = "Plugin.ValidationRules", "ValidationRules\Plugin.ValidationRules.csproj", "{424D34D8-A9A4-49F2-B958-324C41AA66C2}"
EndProject
Project("{FAE04EC0-301F-11D3-BF4B-00C04F79EFBC}") = "Plugin.Reactive.ValidationRules", "Plugin.Reactive.ValidationRules\Plugin.Reactive.ValidationRules.csproj", "{1ABEA0B9-9EA6-42DD-9EA7-8B5F7542E1E9}"
EndProject
Global
	GlobalSection(SolutionConfigurationPlatforms) = preSolution
		Debug|Any CPU = Debug|Any CPU
		Release|Any CPU = Release|Any CPU
	EndGlobalSection
	GlobalSection(ProjectConfigurationPlatforms) = postSolution
		{424D34D8-A9A4-49F2-B958-324C41AA66C2}.Debug|Any CPU.ActiveCfg = Debug|Any CPU
		{424D34D8-A9A4-49F2-B958-324C41AA66C2}.Debug|Any CPU.Build.0 = Debug|Any CPU
		{424D34D8-A9A4-49F2-B958-324C41AA66C2}.Release|Any CPU.ActiveCfg = Release|Any CPU
		{424D34D8-A9A4-49F2-B958-324C41AA66C2}.Release|Any CPU.Build.0 = Release|Any CPU
		{1ABEA0B9-9EA6-42DD-9EA7-8B5F7542E1E9}.Debug|Any CPU.ActiveCfg = Debug|Any CPU
		{1ABEA0B9-9EA6-42DD-9EA7-8B5F7542E1E9}.Debug|Any CPU.Build.0 = Debug|Any CPU
		{1ABEA0B9-9EA6-42DD-9EA7-8B5F7542E1E9}.Release|Any CPU.ActiveCfg = Release|Any CPU
		{1ABEA0B9-9EA6-42DD-9EA7-8B5F7542E1E9}.Release|Any CPU.Build.0 = Release|Any CPU
	EndGlobalSection
	GlobalSection(SolutionProperties) = preSolution
		HideSolutionNode = FALSE
	EndGlobalSection
	GlobalSection(ExtensibilityGlobals) = postSolution
		SolutionGuid = {599BD14E-621D-4CC6-BF59-F8DD48595F45}
	EndGlobalSection
EndGlobal
